
Microsoft Visual Studio Solution File, Format Version 12.00
# Visual Studio Version 17
VisualStudioVersion = 17.6.33815.320
MinimumVisualStudioVersion = 10.0.40219.1
Project("{9A19103F-16F7-4668-BE54-9A1E7A4F7556}") = "CRUDBlazorApp.Server", "CRUDBlazorApp\Server\CRUDBlazorApp.Server.csproj", "{9F99DCA8-6A04-4531-A7CD-F6CD2B0E89FE}"
EndProject
Project("{9A19103F-16F7-4668-BE54-9A1E7A4F7556}") = "CRUDBlazorApp.Client", "CRUDBlazorApp\Client\CRUDBlazorApp.Client.csproj", "{D4EE2446-CF7C-4F1A-9CE2-010A43995076}"
EndProject
Project("{9A19103F-16F7-4668-BE54-9A1E7A4F7556}") = "CRUDBlazorApp.Shared", "CRUDBlazorApp\Shared\CRUDBlazorApp.Shared.csproj", "{D902B02D-B2CC-4257-B7E1-A354284FE154}"
EndProject
Project("{9A19103F-16F7-4668-BE54-9A1E7A4F7556}") = "BlazorTests", "BlazorTests\BlazorTests.csproj", "{9378C503-E7AE-4636-AD2A-78FEBBFEC6D0}"
EndProject
Project("{2150E333-8FDC-42A3-9474-1A3956D46DE8}") = "AssociatedDocuments", "AssociatedDocuments", "{9B4598EF-E794-4D02-808C-BAE9B8025AB6}"
EndProject
Project("{E53339B2-1760-4266-BCC7-CA923CBCF16C}") = "docker-compose", "docker-compose.dcproj", "{0C5D6214-6993-4A8A-BD91-4EFA278B3585}"
EndProject
Global
	GlobalSection(SolutionConfigurationPlatforms) = preSolution
		Debug|Any CPU = Debug|Any CPU
		Release|Any CPU = Release|Any CPU
	EndGlobalSection
	GlobalSection(ProjectConfigurationPlatforms) = postSolution
		{9F99DCA8-6A04-4531-A7CD-F6CD2B0E89FE}.Debug|Any CPU.ActiveCfg = Debug|Any CPU
		{9F99DCA8-6A04-4531-A7CD-F6CD2B0E89FE}.Debug|Any CPU.Build.0 = Debug|Any CPU
		{9F99DCA8-6A04-4531-A7CD-F6CD2B0E89FE}.Release|Any CPU.ActiveCfg = Release|Any CPU
		{9F99DCA8-6A04-4531-A7CD-F6CD2B0E89FE}.Release|Any CPU.Build.0 = Release|Any CPU
		{D4EE2446-CF7C-4F1A-9CE2-010A43995076}.Debug|Any CPU.ActiveCfg = Debug|Any CPU
		{D4EE2446-CF7C-4F1A-9CE2-010A43995076}.Debug|Any CPU.Build.0 = Debug|Any CPU
		{D4EE2446-CF7C-4F1A-9CE2-010A43995076}.Release|Any CPU.ActiveCfg = Release|Any CPU
		{D4EE2446-CF7C-4F1A-9CE2-010A43995076}.Release|Any CPU.Build.0 = Release|Any CPU
		{D902B02D-B2CC-4257-B7E1-A354284FE154}.Debug|Any CPU.ActiveCfg = Debug|Any CPU
		{D902B02D-B2CC-4257-B7E1-A354284FE154}.Debug|Any CPU.Build.0 = Debug|Any CPU
		{D902B02D-B2CC-4257-B7E1-A354284FE154}.Release|Any CPU.ActiveCfg = Release|Any CPU
		{D902B02D-B2CC-4257-B7E1-A354284FE154}.Release|Any CPU.Build.0 = Release|Any CPU
		{9378C503-E7AE-4636-AD2A-78FEBBFEC6D0}.Debug|Any CPU.ActiveCfg = Debug|Any CPU
		{9378C503-E7AE-4636-AD2A-78FEBBFEC6D0}.Debug|Any CPU.Build.0 = Debug|Any CPU
		{9378C503-E7AE-4636-AD2A-78FEBBFEC6D0}.Release|Any CPU.ActiveCfg = Release|Any CPU
		{9378C503-E7AE-4636-AD2A-78FEBBFEC6D0}.Release|Any CPU.Build.0 = Release|Any CPU
		{0C5D6214-6993-4A8A-BD91-4EFA278B3585}.Debug|Any CPU.ActiveCfg = Debug|Any CPU
		{0C5D6214-6993-4A8A-BD91-4EFA278B3585}.Debug|Any CPU.Build.0 = Debug|Any CPU
		{0C5D6214-6993-4A8A-BD91-4EFA278B3585}.Release|Any CPU.ActiveCfg = Release|Any CPU
		{0C5D6214-6993-4A8A-BD91-4EFA278B3585}.Release|Any CPU.Build.0 = Release|Any CPU
	EndGlobalSection
	GlobalSection(SolutionProperties) = preSolution
		HideSolutionNode = FALSE
	EndGlobalSection
	GlobalSection(ExtensibilityGlobals) = postSolution
		SolutionGuid = {1CB48710-F160-4000-899B-E7A4B7D328A4}
	EndGlobalSection
EndGlobal
